
Microsoft Visual Studio Solution File, Format Version 12.00
# Visual Studio Version 18
VisualStudioVersion = 18.3.11520.95 d18.3
MinimumVisualStudioVersion = 10.0.40219.1
Project("{FAE04EC0-301F-11D3-BF4B-00C04F79EFBC}") = "SportsBettingAnalyzer", "SportsBettingAnalyzer.csproj", "{40277F20-CA50-AD75-2AA1-9D6126221FB1}"
EndProject
Global
	GlobalSection(SolutionConfigurationPlatforms) = preSolution
		Debug|Any CPU = Debug|Any CPU
		Release|Any CPU = Release|Any CPU
	EndGlobalSection
	GlobalSection(ProjectConfigurationPlatforms) = postSolution
		{40277F20-CA50-AD75-2AA1-9D6126221FB1}.Debug|Any CPU.ActiveCfg = Debug|Any CPU
		{40277F20-CA50-AD75-2AA1-9D6126221FB1}.Debug|Any CPU.Build.0 = Debug|Any CPU
		{40277F20-CA50-AD75-2AA1-9D6126221FB1}.Release|Any CPU.ActiveCfg = Release|Any CPU
		{40277F20-CA50-AD75-2AA1-9D6126221FB1}.Release|Any CPU.Build.0 = Release|Any CPU
	EndGlobalSection
	GlobalSection(SolutionProperties) = preSolution
		HideSolutionNode = FALSE
	EndGlobalSection
	GlobalSection(ExtensibilityGlobals) = postSolution
		SolutionGuid = {15C9FDA8-9E54-460B-87BE-37C8249CC022}
	EndGlobalSection
EndGlobal
